
Microsoft Visual Studio Solution File, Format Version 11.00
# Visual Studio 2010
Project("{FAE04EC0-301F-11D3-BF4B-00C04F79EFBC}") = "Assembly-CSharp", "Assembly-CSharp.csproj", "{a47dfe51-1560-18b4-718c-ef7ddf37050e}"
EndProject
Project("{FAE04EC0-301F-11D3-BF4B-00C04F79EFBC}") = "Assembly-CSharp-Editor", "Assembly-CSharp-Editor.csproj", "{e0c1c27b-ea99-6cc4-237c-d84f14c40030}"
EndProject
Global
	GlobalSection(SolutionConfigurationPlatforms) = preSolution
		Debug|Any CPU = Debug|Any CPU
	EndGlobalSection
	GlobalSection(ProjectConfigurationPlatforms) = postSolution
		{a47dfe51-1560-18b4-718c-ef7ddf37050e}.Debug|Any CPU.ActiveCfg = Debug|Any CPU
		{a47dfe51-1560-18b4-718c-ef7ddf37050e}.Debug|Any CPU.Build.0 = Debug|Any CPU
		{e0c1c27b-ea99-6cc4-237c-d84f14c40030}.Debug|Any CPU.ActiveCfg = Debug|Any CPU
		{e0c1c27b-ea99-6cc4-237c-d84f14c40030}.Debug|Any CPU.Build.0 = Debug|Any CPU
	EndGlobalSection
	GlobalSection(SolutionProperties) = preSolution
		HideSolutionNode = FALSE
	EndGlobalSection
EndGlobal
